
Microsoft Visual Studio Solution File, Format Version 12.00
# Visual Studio 15
VisualStudioVersion = 15.0.27130.2036
MinimumVisualStudioVersion = 10.0.40219.1
Project("{FAE04EC0-301F-11D3-BF4B-00C04F79EFBC}") = "CIT-Test-git-hub", "CIT-Test-git-hub\CIT-Test-git-hub.csproj", "{34E39782-6F13-4F9D-8662-EDE364CA1AD0}"
EndProject
Global
	GlobalSection(SolutionConfigurationPlatforms) = preSolution
		Debug|Any CPU = Debug|Any CPU
		Release|Any CPU = Release|Any CPU
	EndGlobalSection
	GlobalSection(ProjectConfigurationPlatforms) = postSolution
		{34E39782-6F13-4F9D-8662-EDE364CA1AD0}.Debug|Any CPU.ActiveCfg = Debug|Any CPU
		{34E39782-6F13-4F9D-8662-EDE364CA1AD0}.Debug|Any CPU.Build.0 = Debug|Any CPU
		{34E39782-6F13-4F9D-8662-EDE364CA1AD0}.Release|Any CPU.ActiveCfg = Release|Any CPU
		{34E39782-6F13-4F9D-8662-EDE364CA1AD0}.Release|Any CPU.Build.0 = Release|Any CPU
	EndGlobalSection
	GlobalSection(SolutionProperties) = preSolution
		HideSolutionNode = FALSE
	EndGlobalSection
	GlobalSection(ExtensibilityGlobals) = postSolution
		SolutionGuid = {08F5C6B0-8D5C-4285-A311-5081B1E57F7C}
	EndGlobalSection
EndGlobal
